
Microsoft Visual Studio Solution File, Format Version 12.00
# Visual Studio 15
VisualStudioVersion = 15.0.26430.13
MinimumVisualStudioVersion = 10.0.40219.1
Project("{FAE04EC0-301F-11D3-BF4B-00C04F79EFBC}") = "TestCTT", "TestCTT\TestCTT.csproj", "{8B24DCEB-E2AA-4953-B876-39EF59C8E439}"
EndProject
Project("{FAE04EC0-301F-11D3-BF4B-00C04F79EFBC}") = "TestCTT.DAL", "TestCTT.DAL\TestCTT.DAL.csproj", "{2FA0BA7D-4C84-4944-A935-8D59AE998875}"
EndProject
Global
	GlobalSection(SolutionConfigurationPlatforms) = preSolution
		Debug|Any CPU = Debug|Any CPU
		Release|Any CPU = Release|Any CPU
	EndGlobalSection
	GlobalSection(ProjectConfigurationPlatforms) = postSolution
		{8B24DCEB-E2AA-4953-B876-39EF59C8E439}.Debug|Any CPU.ActiveCfg = Debug|Any CPU
		{8B24DCEB-E2AA-4953-B876-39EF59C8E439}.Debug|Any CPU.Build.0 = Debug|Any CPU
		{8B24DCEB-E2AA-4953-B876-39EF59C8E439}.Release|Any CPU.ActiveCfg = Release|Any CPU
		{8B24DCEB-E2AA-4953-B876-39EF59C8E439}.Release|Any CPU.Build.0 = Release|Any CPU
		{2FA0BA7D-4C84-4944-A935-8D59AE998875}.Debug|Any CPU.ActiveCfg = Debug|Any CPU
		{2FA0BA7D-4C84-4944-A935-8D59AE998875}.Debug|Any CPU.Build.0 = Debug|Any CPU
		{2FA0BA7D-4C84-4944-A935-8D59AE998875}.Release|Any CPU.ActiveCfg = Release|Any CPU
		{2FA0BA7D-4C84-4944-A935-8D59AE998875}.Release|Any CPU.Build.0 = Release|Any CPU
	EndGlobalSection
	GlobalSection(SolutionProperties) = preSolution
		HideSolutionNode = FALSE
	EndGlobalSection
EndGlobal
